version = 1
revision = 3
requires-python = ">=3.11, <3.14"
resolution-markers = [
    "python_full_version >= '3.12' and sys_platform == 'emscripten'",
    "python_full_version < '3.12' or sys_platform != 'emscripten'",
]

[[package]]
name = "certifi"
version = "2026.7.22"
source = { registry = "https://pypi.org/simple" }
sdist = { url = "https://files.pythonhosted.org/packages/a3/c2/24167ea9858356b47a87a50d39908bfdb72ceeefe0041586e704e5376b3a/certifi-2026.7.22.tar.gz", hash = "sha256:741e2c3b351ddf169a738da9f2c048608ff7f2c5cc02f1ebc6b118bb090d5d55", size = 138112, upload-time = "2026-07-22T03:35:12.644Z" }
wheels = [
    { url = "https://files.pythonhosted.org/packages/0b/a7/71ac2cff56fec219ed242bb11b8efb69fcc4bec75db06fb7bfe35de520e6/certifi-2026.7.22-py3-none-any.whl", hash = "sha256:62f22742b58a1a33014a2b6b706588a8d7e2a88ae7bd1a6ebe8c992928483775", size = 136983, upload-time = "2026-07-22T03:35:11.276Z" },
]

[[package]]
name = "charset-normalizer"
version = "3.4.9"
source = { registry = "https://pypi.org/simple" }
sdist = { url = "https://files.pythonhosted.org/packages/bd/2a/23f34ec9d04624958e137efdc394888716353190e75f25dd22c7a2c7a8aa/charset_normalizer-3.4.9.tar.gz", hash = "sha256:673611bbd43f0810bec0b0f028ddeaaa501190339cac411f347ac76917c3ae7b", size = 152439, upload-time = "2026-07-07T14:34:58.454Z" }
wheels = [
    { url = "https://files.pythonhosted.org/packages/0b/e3/85ec501f206fb049259288c1f3506e53876937fb00edb47009348e66756b/charset_normalizer-3.4.9-cp311-cp311-macosx_10_9_universal2.whl", hash = "sha256:0e94703ec9684807f20cfb5eed95c70f67f2a8f21ad620146d7b5a13677b93e5", size = 317075, upload-time = "2026-07-07T14:32:56.021Z" },
    { url = "https://files.pythonhosted.org/packages/c3/69/2a5385192e67175f7d8bd5ce4f57c24bc956439adeae5c13a99aa28a53d1/charset_normalizer-3.4.9-cp311-cp311-manylinux2014_aarch64.manylinux_2_17_aarch64.manylinux_2_28_aarch64.whl", hash = "sha256:2a441ea71902098ffe78c5abe6c494f44160b4af614ed16c3d9a3b1d17fd8ee2", size = 213837, upload-time = "2026-07-07T14:32:57.78Z" },
    { url = "https://files.pythonhosted.org/packages/b3/46/03ddc7da576d814fe0a36dd1f0fd3258e95404b4b2e3c026b7923d7e133f/charset_normalizer-3.4.9-cp311-cp311-manylinux2014_ppc64le.manylinux_2_17_ppc64le.manylinux_2_28_ppc64le.whl", hash = "sha256:304b13570067b2547562e308af560b3963857b1fa90bd6afd978130130fe2d6a", size = 235503, upload-time = "2026-07-07T14:32:59.205Z" },
    { url = "https://files.pythonhosted.org/packages/4e/6e/de0229a7ef40f6f9d28a837eebf4ec47bdca5dab4e900c84f22919af636a/charset_normalizer-3.4.9-cp311-cp311-manylinux2014_s390x.manylinux_2_17_s390x.manylinux_2_28_s390x.whl", hash = "sha256:4773092f8019072343a7447203308b176e10199920eb02d6195e81bbb3274c29", size = 229944, upload-time = "2026-07-07T14:33:00.803Z" },
    { url = "https://files.pythonhosted.org/packages/a5/34/49b9060e8418b14fb5cba9cf6bfb383111e2538a03a1fb18e66a95aeb3d5/charset_normalizer-3.4.9-cp311-cp311-manylinux2014_x86_64.manylinux_2_17_x86_64.manylinux_2_28_x86_64.whl", hash = "sha256:04ce310cb89c15df659582aee80a0603788732a5e017d5bd5c81158106ce249c", size = 221276, upload-time = "2026-07-07T14:33:02.199Z" },
    { url = "https://files.pythonhosted.org/packages/44/95/80282cce0fae9c3061203d723ee87da996aed79679e65d8935050ee7ca1f/charset_normalizer-3.4.9-cp311-cp311-manylinux_2_31_armv7l.whl", hash = "sha256:c0323c9daef75ef2e5083624b4585018a0c9d5e3b40f607eed81a311270b934b", size = 205260, upload-time = "2026-07-07T14:33:03.698Z" },
    { url = "https://files.pythonhosted.org/packages/0c/74/2f62c8821b969ea3bd67cc2e6976834f48ca5d12664d2559ebcd9bcfbed7/charset_normalizer-3.4.9-cp311-cp311-manylinux_2_31_riscv64.manylinux_2_39_riscv64.whl", hash = "sha256:871ff67ea1aad4dfd91736464934d56b32dac49f9fbe16cddba36198a7b3a0db", size = 217786, upload-time = "2026-07-07T14:33:05.12Z" },
    { url = "https://files.pythonhosted.org/packages/d9/8d/feabb82cb49fcad14515b1d7d1ca4787b0da7fc723a212bf89bc9e0fac52/charset_normalizer-3.4.9-cp311-cp311-musllinux_1_2_aarch64.whl", hash = "sha256:67830fc78e67501f47bb950471b2dcb9b35b140084429318e862895a8e89c993", size = 216798, upload-time = "2026-07-07T14:33:06.629Z" },
    { url = "https://files.pythonhosted.org/packages/a5/ff/c946d63bc3786d5b84d960b0f7ab7e25b828486a946b5aa997625bcaf6a6/charset_normalizer-3.4.9-cp311-cp311-musllinux_1_2_armv7l.whl", hash = "sha256:3d92613ec25e43b05f042302531ec0f00b8445190e43325880cbd6ab7c2581da", size = 206429, upload-time = "2026-07-07T14:33:08.006Z" },
    { url = "https://files.pythonhosted.org/packages/af/ba/5e5007c370702f85d2ef75791fac7943ed41e080364a673b20142e430e3e/charset_normalizer-3.4.9-cp311-cp311-musllinux_1_2_x86_64.whl", hash = "sha256:280081916dc341820640489a66e4696049401ef1cf6dd672f672e70ad915aca3", size = 223066, upload-time = "2026-07-07T14:33:09.783Z" },
    { url = "https://files.pythonhosted.org/packages/83/d5/9096aa3cf532dfad237861544eb47a0f20d5adbf1039760fed8eaae935d9/charset_normalizer-3.4.9-cp311-cp311-win32.whl", hash = "sha256:ac351b3b8014eead140e77e9717e2992c6bbe30b63bc3422422eb84865412e3d", size = 150456, upload-time = "2026-07-07T14:33:11.217Z" },
    { url = "https://files.pythonhosted.org/packages/ed/a1/e29995109e455dc8eff8d0fac6ae509be39561318a7cfeac5d33ad029213/charset_normalizer-3.4.9-cp311-cp311-win_amd64.whl", hash = "sha256:6366a16e1a25018694d6a5d784d09b046edc9eac40ea2b54065c3052672516a1", size = 161410, upload-time = "2026-07-07T14:33:12.743Z" },
    { url = "https://files.pythonhosted.org/packages/4f/8d/1569f4d0032d6ba2a4fe4591c35bf87868c600c41a71eb5c2e1ffa8464c2/charset_normalizer-3.4.9-cp311-cp311-win_arm64.whl", hash = "sha256:1d22856ffbe153a602df38e4a5464f0b748a54002e0d69ac6d2ad0a197cc99ec", size = 152649, upload-time = "2026-07-07T14:33:14.173Z" },
    { url = "https://files.pythonhosted.org/packages/70/4a/ecbd131485c07fcdfad54e28946d513e3da22ef3b4bd854dcafae54ec739/charset_normalizer-3.4.9-cp312-cp312-macosx_10_13_universal2.whl", hash = "sha256:45b0cc4e3556cd875e09102988d1ab8356c998b596c9fced84547c8138b487a0", size = 319300, upload-time = "2026-07-07T14:33:15.666Z" },
    { url = "https://files.pythonhosted.org/packages/ec/96/5d9364e3342d69f3a045e1777bc47c85c383e6e9466d561b33fdb419d1f9/charset_normalizer-3.4.9-cp312-cp312-manylinux2014_aarch64.manylinux_2_17_aarch64.manylinux_2_28_aarch64.whl", hash = "sha256:9b2aff1c7b3884512b9512c3eaadd9bab39fb45042ffaaa1dd08ff2b9f8109d9", size = 215802, upload-time = "2026-07-07T14:33:17.031Z" },
    { url = "https://files.pythonhosted.org/packages/4b/4c/5361f9aa7f2cb58d94f2ab831b3d493f69efb1d239654b4744e3c09527cb/charset_normalizer-3.4.9-cp312-cp312-manylinux2014_ppc64le.manylinux_2_17_ppc64le.manylinux_2_28_ppc64le.whl", hash = "sha256:9104ed0bd76a429d46f9ec0dbc9b08ad1d2dcdf2b00a5a0daa1c145329b35b44", size = 237171, upload-time = "2026-07-07T14:33:18.576Z" },
    { url = "https://files.pythonhosted.org/packages/50/78/ce342ca4ff30b2eb49fe6d9578df85974f90c67d294113e94efdd9664cbd/charset_normalizer-3.4.9-cp312-cp312-manylinux2014_s390x.manylinux_2_17_s390x.manylinux_2_28_s390x.whl", hash = "sha256:7b86a2b16095d250c6f58b3d9b2eee6f4147754344f3dab0922f7c9bf7d226c9", size = 233075, upload-time = "2026-07-07T14:33:20.084Z" },
    { url = "https://files.pythonhosted.org/packages/01/c4/4fa4c8b3097a11f3c5f09a35b72ed6855fb1d332469504962ab7bafcc702/charset_normalizer-3.4.9-cp312-cp312-manylinux2014_x86_64.manylinux_2_17_x86_64.manylinux_2_28_x86_64.whl", hash = "sha256:5e226f6218febc71f6c1fc2fafb91c226f75bdc1d8fb12d66823716e891608fd", size = 224256, upload-time = "2026-07-07T14:33:21.747Z" },
    { url = "https://files.pythonhosted.org/packages/87/3a/ad914516df7e358a81aae018caa5e0470ba827fa6d763b1d2e87d920a5f6/charset_normalizer-3.4.9-cp312-cp312-manylinux_2_31_armv7l.whl", hash = "sha256:90c44bc373b7687f6948b693cceaea1348ae0975d7474746559494468e3c1d84", size = 208784, upload-time = "2026-07-07T14:33:23.313Z" },
    { url = "https://files.pythonhosted.org/packages/d7/74/3c12f9755717dfe5c5c87da63f35d765fa0c00382ec26bf23f7fae34f2ba/charset_normalizer-3.4.9-cp312-cp312-manylinux_2_31_riscv64.manylinux_2_39_riscv64.whl", hash = "sha256:9cdef90ae47919cae358d8ab15797a800ed41da7aba5d72419fb510729e2ed4b", size = 219928, upload-time = "2026-07-07T14:33:24.814Z" },
    { url = "https://files.pythonhosted.org/packages/33/9a/895095b83e7907abd6d3d99aad3a38ad0d9686cc186cb0c94c24320fe63e/charset_normalizer-3.4.9-cp312-cp312-musllinux_1_2_aarch64.whl", hash = "sha256:60f44ade2cf573dad7a277e6f8ca9a51a21dda572b13bd7d8539bb3cd5dbedde", size = 218489, upload-time = "2026-07-07T14:33:26.42Z" },
    { url = "https://files.pythonhosted.org/packages/a1/34/ef5c05f412f42520d7709b7d3784d19640839eb7366ded1755511585429f/charset_normalizer-3.4.9-cp312-cp312-musllinux_1_2_armv7l.whl", hash = "sha256:a1786910334ed46ab1dd73222f2cd1e05c2c3bb39f6dddb4f8b36fc382058a39", size = 210267, upload-time = "2026-07-07T14:33:27.952Z" },
    { url = "https://files.pythonhosted.org/packages/83/dc/9b29fa4412b318bf3bfea985c35d67eb55e04b59a7c3f2237168b0e0be6f/charset_normalizer-3.4.9-cp312-cp312-musllinux_1_2_x86_64.whl", hash = "sha256:03d07803992c6c7bbc976327f34b18b6160327fc81cb82c9d504720ac0be3b62", size = 226030, upload-time = "2026-07-07T14:33:29.397Z" },
    { url = "https://files.pythonhosted.org/packages/0e/42/6dbc00b8cd16011691203e33570fa42ed5746599a2e878112d16eab403a3/charset_normalizer-3.4.9-cp312-cp312-win32.whl", hash = "sha256:78841cccf1af7b40f6f716338d50c0902dbe88d9f800b3c973b7a9a0a693a642", size = 151185, upload-time = "2026-07-07T14:33:30.781Z" },
    { url = "https://files.pythonhosted.org/packages/80/cc/f920afd1a23c58ccd53c1d36085a71893a4737ff5e66e0371efab6809850/charset_normalizer-3.4.9-cp312-cp312-win_amd64.whl", hash = "sha256:4b3dac63058cc36820b0dd072f89898604e2d39686fe05321729d00d8ac185a0", size = 162557, upload-time = "2026-07-07T14:33:32.176Z" },
    { url = "https://files.pythonhosted.org/packages/f0/e6/0386d43a261ff4e4b30c5857af7df877254b46bec7b9d1b74b6bf969a90b/charset_normalizer-3.4.9-cp312-cp312-win_arm64.whl", hash = "sha256:78fa18e436a1a0e58dbd7e02fc4473f3f32cceb12df9dfca542d075961c307d2", size = 152665, upload-time = "2026-07-07T14:33:33.711Z" },
    { url = "https://files.pythonhosted.org/packages/b2/06/97ec2aeae780b31d742b6352218b43841a6871e2564578ca522dce4a45c3/charset_normalizer-3.4.9-cp313-cp313-macosx_10_13_universal2.whl", hash = "sha256:440eede837960000d74978f0eba527be106b5b9aee0daf779d395276ed0b0614", size = 317688, upload-time = "2026-07-07T14:33:35.408Z" },
    { url = "https://files.pythonhosted.org/packages/d0/39/8ff066c672434225f8d25f8b739f992af250944392173dcc88362681c9bf/charset_normalizer-3.4.9-cp313-cp313-manylinux2014_aarch64.manylinux_2_17_aarch64.manylinux_2_28_aarch64.whl", hash = "sha256:21e764fd1e70b6a3e205a0e46f3051701f98a8cb3fad66eeb80e48bb502f8698", size = 214982, upload-time = "2026-07-07T14:33:36.996Z" },
    { url = "https://files.pythonhosted.org/packages/92/8f/3a47a3667c83c2df9483d91644c6c107de3bf8874aa1793da9d3012eb986/charset_normalizer-3.4.9-cp313-cp313-manylinux2014_ppc64le.manylinux_2_17_ppc64le.manylinux_2_28_ppc64le.whl", hash = "sha256:e4fd89cc178bced6ad29cb3e6dd4aa63fa5017c3524dbd0b25998fb64a87cc8b", size = 236460, upload-time = "2026-07-07T14:33:38.536Z" },
    { url = "https://files.pythonhosted.org/packages/f1/60/b22cdbee7e4013dab8b0d7647fc6181120fbbbc8f7025c226d15bd5a47fc/charset_normalizer-3.4.9-cp313-cp313-manylinux2014_s390x.manylinux_2_17_s390x.manylinux_2_28_s390x.whl", hash = "sha256:bd47ba7fc3ca94896759ea0109775132d3e7ab921fbf54038e1bab2e46c313c9", size = 232003, upload-time = "2026-07-07T14:33:40.059Z" },
    { url = "https://files.pythonhosted.org/packages/ea/f8/72eb13dcabe7257035cea8aefd922caad2f110d252bf9f67c4c2ca763aee/charset_normalizer-3.4.9-cp313-cp313-manylinux2014_x86_64.manylinux_2_17_x86_64.manylinux_2_28_x86_64.whl", hash = "sha256:84fd18bcc17526fc2b3c1af7d2b9217d32c9c04448c16ec693b9b4f1985c3d33", size = 223149, upload-time = "2026-07-07T14:33:41.631Z" },
    { url = "https://files.pythonhosted.org/packages/b0/3e/faee8f9de92b14ee1198e9163252bb15efee7301b31256a3b6d9ebfdd0dd/charset_normalizer-3.4.9-cp313-cp313-manylinux_2_31_armv7l.whl", hash = "sha256:5b10cd92fc5c498b35a8635df6d5a100207f88b63a4dc1de7ef9a548e1e2cd63", size = 207901, upload-time = "2026-07-07T14:33:43.209Z" },
    { url = "https://files.pythonhosted.org/packages/3a/25/45f30093ae27dd7b92a793b61882a38685f993700113ca36e0c9c14965e1/charset_normalizer-3.4.9-cp313-cp313-manylinux_2_31_riscv64.manylinux_2_39_riscv64.whl", hash = "sha256:a4fbdde9dd4a9ce5fd52c2b3a347bb50cc89483ef783f1cb00d408c13f7a96c0", size = 219176, upload-time = "2026-07-07T14:33:44.725Z" },
    { url = "https://files.pythonhosted.org/packages/48/18/c8f397329c35e32f6a837e488986f4ae03bd2abebc453b48714991630c2f/charset_normalizer-3.4.9-cp313-cp313-musllinux_1_2_aarch64.whl", hash = "sha256:416c229f77e5ea25b3dfd4b582f8d73d7e43c22320302b9ab128a2d3a0b38efe", size = 217356, upload-time = "2026-07-07T14:33:46.192Z" },
    { url = "https://files.pythonhosted.org/packages/86/7e/5ce0bba863470fd1902d5e5843968951bddf38abe4742fc97116ef4598b3/charset_normalizer-3.4.9-cp313-cp313-musllinux_1_2_armv7l.whl", hash = "sha256:75286256590a6320cf106a0d28970d3560aad9ee09aa7b34fb40524792436d35", size = 209614, upload-time = "2026-07-07T14:33:47.705Z" },
    { url = "https://files.pythonhosted.org/packages/6c/ef/2473d3c4d869155be4af1191111d59c4d5c4e0173026f7e85b176e23bf65/charset_normalizer-3.4.9-cp313-cp313-musllinux_1_2_x86_64.whl", hash = "sha256:69b157c5d3292bcd443faca052f3096f637f1e074b98212a933c074ae23dc3b8", size = 224991, upload-time = "2026-07-07T14:33:49.238Z" },
    { url = "https://files.pythonhosted.org/packages/d0/a3/53ddae3db108a088156aa8ddfafd411ebbc1340f48c5573f697b27f69a39/charset_normalizer-3.4.9-cp313-cp313-win32.whl", hash = "sha256:51307f5c71007673a2bf8232ad973483d281e74cb99c8c5a990af1eefa6277d9", size = 150622, upload-time = "2026-07-07T14:33:50.711Z" },
    { url = "https://files.pythonhosted.org/packages/e8/ef/6953a77c7cf2c2ff9998e6f575ab3e380119f100223381565a4f94c1f836/charset_normalizer-3.4.9-cp313-cp313-win_amd64.whl", hash = "sha256:fe2c7201c642b7c308f1675355ad7ff7b66acfe3541625efe5a3ad38f29d6115", size = 161947, upload-time = "2026-07-07T14:33:52.197Z" },
    { url = "https://files.pythonhosted.org/packages/6e/fb/d560d1d1555debbfe7849d9cac6145c1b537709d79576bf22557ed803b82/charset_normalizer-3.4.9-cp313-cp313-win_arm64.whl", hash = "sha256:611057cc5d5c0afc743ba8be6bd828c17e0aaa8643f9d0a9b9bb7dea80eb8012", size = 152594, upload-time = "2026-07-07T14:33:53.486Z" },
    { url = "https://files.pythonhosted.org/packages/98/2b/f97f1c193fb855c345d678f5077d6926034db0722df74c8f057020e05a25/charset_normalizer-3.4.9-py3-none-any.whl", hash = "sha256:68e5f26a1ad57ded6d1cfb85331d1c1a195314756471d97758c48498bb4dcdf5", size = 64538, upload-time = "2026-07-07T14:34:56.993Z" },
]

[[package]]
name = "colorama"
version = "0.4.6"
source = { registry = "https://pypi.org/simple" }
sdist = { url = "https://files.pythonhosted.org/packages/d8/53/6f443c9a4a8358a93a6792e2acffb9d9d5cb0a5cfd8802644b7b1c9a02e4/colorama-0.4.6.tar.gz", hash = "sha256:08695f5cb7ed6e0531a20572697297273c47b8cae5a63ffc6d6ed5c201be6e44", size = 27697, upload-time = "2022-10-25T02:36:22.414Z" }
wheels = [
    { url = "https://files.pythonhosted.org/packages/d1/d6/3965ed04c63042e047cb6a3e6ed1a63a35087b6a609aa3a15ed8ac56c221/colorama-0.4.6-py2.py3-none-any.whl", hash = "sha256:4f1d9991f5acc0ca119f9d443620b77f9d6b33703e51011c16baf57afb285fc6", size = 25335, upload-time = "2022-10-25T02:36:20.889Z" },
]

[[package]]
name = "eve-strait"
version = "0.1.0"
source = { editable = "." }
dependencies = [
    { name = "pyside6" },
    { name = "requests" },
]

[package.dev-dependencies]
dev = [
    { name = "pytest" },
]

[package.metadata]
requires-dist = [
    { name = "pyside6", specifier = ">=6.7" },
    { name = "requests", specifier = ">=2.31" },
]

[package.metadata.requires-dev]
dev = [{ name = "pytest", specifier = ">=8" }]

[[package]]
name = "idna"
version = "3.18"
source = { registry = "https://pypi.org/simple" }
sdist = { url = "https://files.pythonhosted.org/packages/cd/63/9496c57188a2ee585e0f1db071d75089a11e98aa86eb99d9d7618fc1edce/idna-3.18.tar.gz", hash = "sha256:ffb385a7e039654cef1ab9ef32c6fafe283c0c0467bba1d9029738ce4a14a848", size = 196711, upload-time = "2026-06-02T14:34:07.794Z" }
wheels = [
    { url = "https://files.pythonhosted.org/packages/1e/5e/d4e9f1a599fb8e573b7b87160658329fbf28d19eac2718f51fc3def3aa5a/idna-3.18-py3-none-any.whl", hash = "sha256:7f952cbe720b688055e3f87de14f5c3e5fdaa8bc3928985c4077ca689de849a2", size = 65455, upload-time = "2026-06-02T14:34:06.319Z" },
]

[[package]]
name = "iniconfig"
version = "2.3.0"
source = { registry = "https://pypi.org/simple" }
sdist = { url = "https://files.pythonhosted.org/packages/72/34/14ca021ce8e5dfedc35312d08ba8bf51fdd999c576889fc2c24cb97f4f10/iniconfig-2.3.0.tar.gz", hash = "sha256:c76315c77db068650d49c5b56314774a7804df16fee4402c1f19d6d15d8c4730", size = 20503, upload-time = "2025-10-18T21:55:43.219Z" }
wheels = [
    { url = "https://files.pythonhosted.org/packages/cb/b1/3846dd7f199d53cb17f49cba7e651e9ce294d8497c8c150530ed11865bb8/iniconfig-2.3.0-py3-none-any.whl", hash = "sha256:f631c04d2c48c52b84d0d0549c99ff3859c98df65b3101406327ecc7d53fbf12", size = 7484, upload-time = "2025-10-18T21:55:41.639Z" },
]

[[package]]
name = "packaging"
version = "26.3"
source = { registry = "https://pypi.org/simple" }
sdist = { url = "https://files.pythonhosted.org/packages/7d/fa/3944b40b07da9ce895c0e6303a5ab7d53da063554f534556b134a54d6093/packaging-26.3.tar.gz", hash = "sha256:94edc256424af38762eb31306eed28beb9f0efc50a8837492c9d6fd6004aed79", size = 313412, upload-time = "2026-08-04T18:15:28.737Z" }
wheels = [
    { url = "https://files.pythonhosted.org/packages/63/34/ba1c580383c9eada3711951fef0795c80b829a078d72188184bcab9dd527/packaging-26.3-py3-none-any.whl", hash = "sha256:d7193f7c8e4e93f444fde0262bf90af30e16fa0ad0ad44cb553c87339b23cd1c", size = 129956, upload-time = "2026-08-04T18:15:27.159Z" },
]

[[package]]
name = "pluggy"
version = "1.6.0"
source = { registry = "https://pypi.org/simple" }
sdist = { url = "https://files.pythonhosted.org/packages/f9/e2/3e91f31a7d2b083fe6ef3fa267035b518369d9511ffab804f839851d2779/pluggy-1.6.0.tar.gz", hash = "sha256:7dcc130b76258d33b90f61b658791dede3486c3e6bfb003ee5c9bfb396dd22f3", size = 69412, upload-time = "2025-05-15T12:30:07.975Z" }
wheels = [
    { url = "https://files.pythonhosted.org/packages/54/20/4d324d65cc6d9205fabedc306948156824eb9f0ee1633355a8f7ec5c66bf/pluggy-1.6.0-py3-none-any.whl", hash = "sha256:e920276dd6813095e9377c0bc5566d94c932c33b27a3e3945d8389c374dd4746", size = 20538, upload-time = "2025-05-15T12:30:06.134Z" },
]

[[package]]
name = "pygments"
version = "2.21.0"
source = { registry = "https://pypi.org/simple" }
sdist = { url = "https://files.pythonhosted.org/packages/49/2e/ced460408999b33da6b31b0021b0f37d329e202d4169aeb164493778f25b/pygments-2.21.0.tar.gz", hash = "sha256:610ca751c9bc2492b38eb9a38a7fbc93edbbb2d7182edaf34e66ae493dee5c8c", size = 5005329, upload-time = "2026-08-17T08:02:48.824Z" }
wheels = [
    { url = "https://files.pythonhosted.org/packages/71/46/17f022dd3e953bf20a04a028a21ec746d942f8d2af30fa0f124fa0e6a684/pygments-2.21.0-py3-none-any.whl", hash = "sha256:2363c69b61c4a97c838da3b130dcd6468f4848992b21a82f2a63ec34377137d9", size = 1250147, upload-time = "2026-08-17T08:02:44.912Z" },
]

[[package]]
name = "pyside6"
version = "6.11.1"
source = { registry = "https://pypi.org/simple" }
dependencies = [
    { name = "pyside6-addons" },
    { name = "pyside6-essentials" },
    { name = "shiboken6" },
]
wheels = [
    { url = "https://files.pythonhosted.org/packages/da/a6/27ba5947ed48918f7b74b7c43a1e280aac069e36f25adeb4c9adfac835c4/pyside6-6.11.1-cp310-abi3-macosx_13_0_universal2.whl", hash = "sha256:537682c3b7530817203e667c1f5a2f00486b37bf52c52eeab438544c7a0917f6", size = 571921, upload-time = "2026-05-13T09:47:36.402Z" },
    { url = "https://files.pythonhosted.org/packages/d8/de/af89d71410c83b10654d86ff9aff2a4f87c30163658f1cc145242e222526/pyside6-6.11.1-cp310-abi3-manylinux_2_34_x86_64.whl", hash = "sha256:b1fc521ba2bb5109425ab8add06bddbdd524abcad06cfa012cc39a22a189feb2", size = 572102, upload-time = "2026-05-13T09:47:38.249Z" },
    { url = "https://files.pythonhosted.org/packages/b6/0e/d583bd3f7bf5046a4497b36f3902cfb64aa29554489a5a25c18e6b4ac0ac/pyside6-6.11.1-cp310-abi3-manylinux_2_39_aarch64.whl", hash = "sha256:75f0005c3eb95c07cfb65522ec50d0815ac007a96482c21dc3cb4b4c04895d84", size = 572098, upload-time = "2026-05-13T09:47:39.44Z" },
    { url = "https://files.pythonhosted.org/packages/57/f2/d9d8ce1373dabb37e5919f63cd18446556079631d3f2eea3ada03c29f6b8/pyside6-6.11.1-cp310-abi3-win_amd64.whl", hash = "sha256:0968877ab1fb4ef3587a284da6fe05e8647ada56a6a3750b6395188e01f4aba6", size = 578377, upload-time = "2026-05-13T09:47:40.76Z" },
    { url = "https://files.pythonhosted.org/packages/96/02/a6057d8bd2bdb1940820fff2d627fdf4013148c9c57adf69fa40d3452ac3/pyside6-6.11.1-cp310-abi3-win_arm64.whl", hash = "sha256:acee467cb5f256cc47ebb9d815a054c1d8416da380c191b247a76d164aa3f805", size = 561765, upload-time = "2026-05-13T09:47:41.9Z" },
]

[[package]]
name = "pyside6-addons"
version = "6.11.1"
source = { registry = "https://pypi.org/simple" }
dependencies = [
    { name = "pyside6-essentials" },
    { name = "shiboken6" },
]
wheels = [
    { url = "https://files.pythonhosted.org/packages/3f/6b/8bc94aff48b63f788f2d84e5467c12362d68906ba742c0942f46cb04c879/pyside6_addons-6.11.1-cp310-abi3-macosx_13_0_universal2.whl", hash = "sha256:54733c77f789bef5f03c6aff4ad3bec8b2eff021f0cfcbc53d5e6c250ded24f9", size = 331714589, upload-time = "2026-05-13T09:39:12.36Z" },
    { url = "https://files.pythonhosted.org/packages/dd/62/fb1428a523b2a4541e232aab50d9e789e6b4526f37fd9593452a7ea5b6b3/pyside6_addons-6.11.1-cp310-abi3-manylinux_2_34_x86_64.whl", hash = "sha256:8e6c65fbd73a512d6f72cda8d8277444a85a34dc99dd1dae9c21d35b8671bb1f", size = 175063224, upload-time = "2026-05-13T09:39:34.185Z" },
    { url = "https://files.pythonhosted.org/packages/ee/9b/2ccd52f66db55c06de65d0501170a1935d04d64d0a230c0d892284a02ce3/pyside6_addons-6.11.1-cp310-abi3-manylinux_2_39_aarch64.whl", hash = "sha256:bf1c6c4e954e5eba3d2a7c661ad4b9689e8f09c7f4a16bdf29713371d11af993", size = 170553429, upload-time = "2026-05-13T09:39:54.424Z" },
    { url = "https://files.pythonhosted.org/packages/9a/bd/8adc4d350b3b363f3dfc8fccdcf5bfed25f7e36c2fff30c64e106f4f1572/pyside6_addons-6.11.1-cp310-abi3-win_amd64.whl", hash = "sha256:0d13c4dfd671b050a48e4f8d8ddc724b7248f9c0437e7fc47fdf316278572923", size = 168816308, upload-time = "2026-05-13T09:40:13.541Z" },
    { url = "https://files.pythonhosted.org/packages/65/b7/9a840d97f0f0f04e372a87e205dd30ee285b4e3b021b188459a917c9dc76/pyside6_addons-6.11.1-cp310-abi3-win_arm64.whl", hash = "sha256:3494f480dee92f415be2f2d989c0b3f4755ac332b28045cbf4ba0f5c5a22ba37", size = 35759347, upload-time = "2026-05-13T09:40:21.199Z" },
]

[[package]]
name = "pyside6-essentials"
version = "6.11.1"
source = { registry = "https://pypi.org/simple" }
dependencies = [
    { name = "shiboken6" },
]
wheels = [
    { url = "https://files.pythonhosted.org/packages/b3/da/10d9197e7370eb4fed8df5fc547b7548dec88e5c5949e2d450db4ae96feb/pyside6_essentials-6.11.1-cp310-abi3-macosx_13_0_universal2.whl", hash = "sha256:228de53c2bc26b07e5021fbe3614fc44ca08e4dab9999af08c2b389d2c239957", size = 110352945, upload-time = "2026-05-13T09:43:08.006Z" },
    { url = "https://files.pythonhosted.org/packages/5c/49/0e1237c4400bec7e335d2c4eeb49bc40d9fd88a9ac44ca9083ce1abdc308/pyside6_essentials-6.11.1-cp310-abi3-manylinux_2_34_x86_64.whl", hash = "sha256:e3ef7027b41e4e55fadb56e3b3257dc8ee92154b639fe67fc4c8e05e9d976c60", size = 79908535, upload-time = "2026-05-13T09:43:24.836Z" },
    { url = "https://files.pythonhosted.org/packages/4c/c5/da4c5f23c6540ac5211a1f60177c8dee84b1bf40f2719479587ab8c60731/pyside6_essentials-6.11.1-cp310-abi3-manylinux_2_39_aarch64.whl", hash = "sha256:a039b6da68a3a4b9d243217b2b98d475eed3f617159ef6be925badab53c11b0d", size = 78960051, upload-time = "2026-05-13T09:43:35.423Z" },
    { url = "https://files.pythonhosted.org/packages/64/0e/b663ecc96ca57b5c91b83b6615d6b174380b0faf30338125c26e053d6aa7/pyside6_essentials-6.11.1-cp310-abi3-win_amd64.whl", hash = "sha256:63311bd48e32c584599ab04b9ef7c324082374cd2c9fa533f978fb893bb47e40", size = 77549267, upload-time = "2026-05-13T09:43:44.92Z" },
    { url = "https://files.pythonhosted.org/packages/f1/12/eb6723faf5cb7fa581145da1c15f40d641b96e080f0491af2f1859fdeedb/pyside6_essentials-6.11.1-cp310-abi3-win_arm64.whl", hash = "sha256:11253ea52aabecefe9febddbbe78b43a824129e3af1cec98431028fba7fa954f", size = 57964512, upload-time = "2026-05-13T09:43:52.968Z" },
]

[[package]]
name = "pytest"
version = "9.1.1"
source = { registry = "https://pypi.org/simple" }
dependencies = [
    { name = "colorama", marker = "sys_platform == 'win32'" },
    { name = "iniconfig" },
    { name = "packaging" },
    { name = "pluggy" },
    { name = "pygments" },
]
sdist = { url = "https://files.pythonhosted.org/packages/e4/47/b9efed96c114afcfa3c9d3fe98a76a1d14c74a9e266d397cf6eb64be5e01/pytest-9.1.1.tar.gz", hash = "sha256:1088fbde8f2b49d95a549a195707afa7a76a3ce9bcadc26b6d71f0ffda5fe313", size = 1636369, upload-time = "2026-06-19T10:58:32.857Z" }
wheels = [
    { url = "https://files.pythonhosted.org/packages/24/25/1de2678b631f5a49215c6c96fff41ba892b0a34df68d6d80292b1b48aa7f/pytest-9.1.1-py3-none-any.whl", hash = "sha256:37a86b45efb9a47a61a36449063e8e18d0cab3161329fc099eb21783169c4f0c", size = 386536, upload-time = "2026-06-19T10:58:31.347Z" },
]

[[package]]
name = "requests"
version = "2.34.2"
source = { registry = "https://pypi.org/simple" }
dependencies = [
    { name = "certifi" },
    { name = "charset-normalizer" },
    { name = "idna" },
    { name = "urllib3" },
]
sdist = { url = "https://files.pythonhosted.org/packages/ac/c3/e2a2b89f2d3e2179abd6d00ebd70bff6273f37fb3e0cc209f48b39d00cbf/requests-2.34.2.tar.gz", hash = "sha256:f288924cae4e29463698d6d60bc6a4da69c89185ad1e0bcc4104f584e960b9ed", size = 142856, upload-time = "2026-05-14T19:25:27.735Z" }
wheels = [
    { url = "https://files.pythonhosted.org/packages/a0/f4/c67b0b3f1b9245e8d266f0f112c500d50e5b4e83cb6f3b71b6528104182a/requests-2.34.2-py3-none-any.whl", hash = "sha256:2a0d60c172f83ac6ab31e4554906c0f3b3588d37b5cb939b1c061f4907e278e0", size = 73075, upload-time = "2026-05-14T19:25:26.443Z" },
]

[[package]]
name = "shiboken6"
version = "6.11.1"
source = { registry = "https://pypi.org/simple" }
wheels = [
    { url = "https://files.pythonhosted.org/packages/17/f3/f2b63df0251e7cd3172ea28e32ede52739de9566bcefcd0178681538ac81/shiboken6-6.11.1-cp310-abi3-macosx_13_0_universal2.whl", hash = "sha256:1a16867f103ef1c662a5f09dfed03273a9f81688b174555162c58e83650a3f02", size = 476874, upload-time = "2026-05-13T09:47:01.091Z" },
    { url = "https://files.pythonhosted.org/packages/c7/9b/e0355d8897b5c150770f1d95718aad17d432fcc9c035c04f3f58427d4693/shiboken6-6.11.1-cp310-abi3-manylinux_2_34_x86_64.whl", hash = "sha256:9a8bccfafc8805254cabcfa1edfaf55cd52889f4998c91ad0d9a4433fb1bcdbe", size = 272222, upload-time = "2026-05-13T09:47:02.653Z" },
    { url = "https://files.pythonhosted.org/packages/57/d5/dd4f1defed400be03340f2ede34b61f846776650b4e7ed9ebaf4c71979a2/shiboken6-6.11.1-cp310-abi3-manylinux_2_39_aarch64.whl", hash = "sha256:1bd2f4314414df2d122d9f646e03b731bc6d6b5f77a5f53f99a4fe4e97d84e6f", size = 270350, upload-time = "2026-05-13T09:47:04.02Z" },
    { url = "https://files.pythonhosted.org/packages/52/b5/3f6fb2ee65b534193fb4ef713dd619dc31dadff5d12c16979a7699ad58be/shiboken6-6.11.1-cp310-abi3-win_amd64.whl", hash = "sha256:c2c6863aa80ec18c0f82cea3417837b279cdc60024ac17123461dc9042577df7", size = 1223647, upload-time = "2026-05-13T09:47:05.924Z" },
    { url = "https://files.pythonhosted.org/packages/98/d1/f15ca0e1666faae02c945f48e745ea35f8fcd8243b176109b4e2c4251f47/shiboken6-6.11.1-cp310-abi3-win_arm64.whl", hash = "sha256:7c8d9af17db4495d4fa5b1c393f218311c4855546b9dfa6a0bd21bcd66b55e9d", size = 1784170, upload-time = "2026-05-13T09:47:07.617Z" },
]

[[package]]
name = "urllib3"
version = "2.7.0"
source = { registry = "https://pypi.org/simple" }
sdist = { url = "https://files.pythonhosted.org/packages/53/0c/06f8b233b8fd13b9e5ee11424ef85419ba0d8ba0b3138bf360be2ff56953/urllib3-2.7.0.tar.gz", hash = "sha256:231e0ec3b63ceb14667c67be60f2f2c40a518cb38b03af60abc813da26505f4c", size = 433602, upload-time = "2026-05-07T16:13:18.596Z" }
wheels = [
    { url = "https://files.pythonhosted.org/packages/7f/3e/5db95bcf282c52709639744ca2a8b149baccf648e39c8cc87553df9eae0c/urllib3-2.7.0-py3-none-any.whl", hash = "sha256:9fb4c81ebbb1ce9531cce37674bbc6f1360472bc18ca9a553ede278ef7276897", size = 131087, upload-time = "2026-05-07T16:13:17.151Z" },
]
